
Microsoft Visual Studio Solution File, Format Version 12.00
# Visual Studio Version 16
VisualStudioVersion = 16.0.29905.134
MinimumVisualStudioVersion = 10.0.40219.1
Project("{9A19103F-16F7-4668-BE54-9A1E7A4F7556}") = "Taxi.Common", "Taxi.Common\Taxi.Common.csproj", "{ED938C9D-1016-46D7-B0A5-D99D3751C749}"
EndProject
Project("{9A19103F-16F7-4668-BE54-9A1E7A4F7556}") = "Taxi.Web", "Taxi.Web\Taxi.Web.csproj", "{1088181E-EED6-4A94-90AF-7D0FAB788A79}"
EndProject
Project("{FAE04EC0-301F-11D3-BF4B-00C04F79EFBC}") = "Taxi.Prism", "Taxi.Prism\Taxi.Prism\Taxi.Prism.csproj", "{C83533DF-EAF8-4424-95BF-2114E6726DCD}"
EndProject
Project("{FAE04EC0-301F-11D3-BF4B-00C04F79EFBC}") = "Taxi.Prism.Android", "Taxi.Prism\Taxi.Prism.Android\Taxi.Prism.Android.csproj", "{96ED4777-A105-46DA-9CF3-BFEAA8DFD53F}"
EndProject
Project("{FAE04EC0-301F-11D3-BF4B-00C04F79EFBC}") = "Taxi.Prism.iOS", "Taxi.Prism\Taxi.Prism.iOS\Taxi.Prism.iOS.csproj", "{F2A732A5-6867-448B-97F4-6DAF4A3A390C}"
EndProject
Project("{FAE04EC0-301F-11D3-BF4B-00C04F79EFBC}") = "Taxi.Cross.Android", "Taxi.Cross.Android\Taxi.Cross.Android.csproj", "{BB418818-123B-48E0-AB5F-A44089071266}"
EndProject
Project("{FAE04EC0-301F-11D3-BF4B-00C04F79EFBC}") = "Taxi.Cross.IOS", "Taxi.Cross.IOS\Taxi.Cross.IOS.csproj", "{CE226BD8-0F52-4C90-8C2F-4C9A39FC3D5C}"
EndProject
Global
	GlobalSection(SolutionConfigurationPlatforms) = preSolution
		Ad-Hoc|Any CPU = Ad-Hoc|Any CPU
		Ad-Hoc|iPhone = Ad-Hoc|iPhone
		Ad-Hoc|iPhoneSimulator = Ad-Hoc|iPhoneSimulator
		AppStore|Any CPU = AppStore|Any CPU
		AppStore|iPhone = AppStore|iPhone
		AppStore|iPhoneSimulator = AppStore|iPhoneSimulator
		Debug|Any CPU = Debug|Any CPU
		Debug|iPhone = Debug|iPhone
		Debug|iPhoneSimulator = Debug|iPhoneSimulator
		Release|Any CPU = Release|Any CPU
		Release|iPhone = Release|iPhone
		Release|iPhoneSimulator = Release|iPhoneSimulator
	EndGlobalSection
	GlobalSection(ProjectConfigurationPlatforms) = postSolution
		{ED938C9D-1016-46D7-B0A5-D99D3751C749}.Ad-Hoc|Any CPU.ActiveCfg = Release|Any CPU
		{ED938C9D-1016-46D7-B0A5-D99D3751C749}.Ad-Hoc|Any CPU.Build.0 = Release|Any CPU
		{ED938C9D-1016-46D7-B0A5-D99D3751C749}.Ad-Hoc|iPhone.ActiveCfg = Release|Any CPU
		{ED938C9D-1016-46D7-B0A5-D99D3751C749}.Ad-Hoc|iPhone.Build.0 = Release|Any CPU
		{ED938C9D-1016-46D7-B0A5-D99D3751C749}.Ad-Hoc|iPhoneSimulator.ActiveCfg = Release|Any CPU
		{ED938C9D-1016-46D7-B0A5-D99D3751C749}.Ad-Hoc|iPhoneSimulator.Build.0 = Release|Any CPU
		{ED938C9D-1016-46D7-B0A5-D99D3751C749}.AppStore|Any CPU.ActiveCfg = Release|Any CPU
		{ED938C9D-1016-46D7-B0A5-D99D3751C749}.AppStore|Any CPU.Build.0 = Release|Any CPU
		{ED938C9D-1016-46D7-B0A5-D99D3751C749}.AppStore|iPhone.ActiveCfg = Release|Any CPU
		{ED938C9D-1016-46D7-B0A5-D99D3751C749}.AppStore|iPhone.Build.0 = Release|Any CPU
		{ED938C9D-1016-46D7-B0A5-D99D3751C749}.AppStore|iPhoneSimulator.ActiveCfg = Release|Any CPU
		{ED938C9D-1016-46D7-B0A5-D99D3751C749}.AppStore|iPhoneSimulator.Build.0 = Release|Any CPU
		{ED938C9D-1016-46D7-B0A5-D99D3751C749}.Debug|Any CPU.ActiveCfg = Debug|Any CPU
		{ED938C9D-1016-46D7-B0A5-D99D3751C749}.Debug|Any CPU.Build.0 = Debug|Any CPU
		{ED938C9D-1016-46D7-B0A5-D99D3751C749}.Debug|iPhone.ActiveCfg = Debug|Any CPU
		{ED938C9D-1016-46D7-B0A5-D99D3751C749}.Debug|iPhone.Build.0 = Debug|Any CPU
		{ED938C9D-1016-46D7-B0A5-D99D3751C749}.Debug|iPhoneSimulator.ActiveCfg = Debug|Any CPU
		{ED938C9D-1016-46D7-B0A5-D99D3751C749}.Debug|iPhoneSimulator.Build.0 = Debug|Any CPU
		{ED938C9D-1016-46D7-B0A5-D99D3751C749}.Release|Any CPU.ActiveCfg = Release|Any CPU
		{ED938C9D-1016-46D7-B0A5-D99D3751C749}.Release|Any CPU.Build.0 = Release|Any CPU
		{ED938C9D-1016-46D7-B0A5-D99D3751C749}.Release|iPhone.ActiveCfg = Release|Any CPU
		{ED938C9D-1016-46D7-B0A5-D99D3751C749}.Release|iPhone.Build.0 = Release|Any CPU
		{ED938C9D-1016-46D7-B0A5-D99D3751C749}.Release|iPhoneSimulator.ActiveCfg = Release|Any CPU
		{ED938C9D-1016-46D7-B0A5-D99D3751C749}.Release|iPhoneSimulator.Build.0 = Release|Any CPU
		{1088181E-EED6-4A94-90AF-7D0FAB788A79}.Ad-Hoc|Any CPU.ActiveCfg = Release|Any CPU
		{1088181E-EED6-4A94-90AF-7D0FAB788A79}.Ad-Hoc|Any CPU.Build.0 = Release|Any CPU
		{1088181E-EED6-4A94-90AF-7D0FAB788A79}.Ad-Hoc|iPhone.ActiveCfg = Release|Any CPU
		{1088181E-EED6-4A94-90AF-7D0FAB788A79}.Ad-Hoc|iPhone.Build.0 = Release|Any CPU
		{1088181E-EED6-4A94-90AF-7D0FAB788A79}.Ad-Hoc|iPhoneSimulator.ActiveCfg = Release|Any CPU
		{1088181E-EED6-4A94-90AF-7D0FAB788A79}.Ad-Hoc|iPhoneSimulator.Build.0 = Release|Any CPU
		{1088181E-EED6-4A94-90AF-7D0FAB788A79}.AppStore|Any CPU.ActiveCfg = Release|Any CPU
		{1088181E-EED6-4A94-90AF-7D0FAB788A79}.AppStore|Any CPU.Build.0 = Release|Any CPU
		{1088181E-EED6-4A94-90AF-7D0FAB788A79}.AppStore|iPhone.ActiveCfg = Release|Any CPU
		{1088181E-EED6-4A94-90AF-7D0FAB788A79}.AppStore|iPhone.Build.0 = Release|Any CPU
		{1088181E-EED6-4A94-90AF-7D0FAB788A79}.AppStore|iPhoneSimulator.ActiveCfg = Release|Any CPU
		{1088181E-EED6-4A94-90AF-7D0FAB788A79}.AppStore|iPhoneSimulator.Build.0 = Release|Any CPU
		{1088181E-EED6-4A94-90AF-7D0FAB788A79}.Debug|Any CPU.ActiveCfg = Debug|Any CPU
		{1088181E-EED6-4A94-90AF-7D0FAB788A79}.Debug|Any CPU.Build.0 = Debug|Any CPU
		{1088181E-EED6-4A94-90AF-7D0FAB788A79}.Debug|iPhone.ActiveCfg = Debug|Any CPU
		{1088181E-EED6-4A94-90AF-7D0FAB788A79}.Debug|iPhone.Build.0 = Debug|Any CPU
		{1088181E-EED6-4A94-90AF-7D0FAB788A79}.Debug|iPhoneSimulator.ActiveCfg = Debug|Any CPU
		{1088181E-EED6-4A94-90AF-7D0FAB788A79}.Debug|iPhoneSimulator.Build.0 = Debug|Any CPU
		{1088181E-EED6-4A94-90AF-7D0FAB788A79}.Release|Any CPU.ActiveCfg = Release|Any CPU
		{1088181E-EED6-4A94-90AF-7D0FAB788A79}.Release|Any CPU.Build.0 = Release|Any CPU
		{1088181E-EED6-4A94-90AF-7D0FAB788A79}.Release|iPhone.ActiveCfg = Release|Any CPU
		{1088181E-EED6-4A94-90AF-7D0FAB788A79}.Release|iPhone.Build.0 = Release|Any CPU
		{1088181E-EED6-4A94-90AF-7D0FAB788A79}.Release|iPhoneSimulator.ActiveCfg = Release|Any CPU
		{1088181E-EED6-4A94-90AF-7D0FAB788A79}.Release|iPhoneSimulator.Build.0 = Release|Any CPU
		{C83533DF-EAF8-4424-95BF-2114E6726DCD}.Ad-Hoc|Any CPU.ActiveCfg = Debug|Any CPU
		{C83533DF-EAF8-4424-95BF-2114E6726DCD}.Ad-Hoc|Any CPU.Build.0 = Debug|Any CPU
		{C83533DF-EAF8-4424-95BF-2114E6726DCD}.Ad-Hoc|iPhone.ActiveCfg = Debug|Any CPU
		{C83533DF-EAF8-4424-95BF-2114E6726DCD}.Ad-Hoc|iPhone.Build.0 = Debug|Any CPU
		{C83533DF-EAF8-4424-95BF-2114E6726DCD}.Ad-Hoc|iPhoneSimulator.ActiveCfg = Debug|Any CPU
		{C83533DF-EAF8-4424-95BF-2114E6726DCD}.Ad-Hoc|iPhoneSimulator.Build.0 = Debug|Any CPU
		{C83533DF-EAF8-4424-95BF-2114E6726DCD}.AppStore|Any CPU.ActiveCfg = Debug|Any CPU
		{C83533DF-EAF8-4424-95BF-2114E6726DCD}.AppStore|Any CPU.Build.0 = Debug|Any CPU
		{C83533DF-EAF8-4424-95BF-2114E6726DCD}.AppStore|iPhone.ActiveCfg = Debug|Any CPU
		{C83533DF-EAF8-4424-95BF-2114E6726DCD}.AppStore|iPhone.Build.0 = Debug|Any CPU
		{C83533DF-EAF8-4424-95BF-2114E6726DCD}.AppStore|iPhoneSimulator.ActiveCfg = Debug|Any CPU
		{C83533DF-EAF8-4424-95BF-2114E6726DCD}.AppStore|iPhoneSimulator.Build.0 = Debug|Any CPU
		{C83533DF-EAF8-4424-95BF-2114E6726DCD}.Debug|Any CPU.ActiveCfg = Debug|Any CPU
		{C83533DF-EAF8-4424-95BF-2114E6726DCD}.Debug|Any CPU.Build.0 = Debug|Any CPU
		{C83533DF-EAF8-4424-95BF-2114E6726DCD}.Debug|iPhone.ActiveCfg = Debug|Any CPU
		{C83533DF-EAF8-4424-95BF-2114E6726DCD}.Debug|iPhone.Build.0 = Debug|Any CPU
		{C83533DF-EAF8-4424-95BF-2114E6726DCD}.Debug|iPhoneSimulator.ActiveCfg = Debug|Any CPU
		{C83533DF-EAF8-4424-95BF-2114E6726DCD}.Debug|iPhoneSimulator.Build.0 = Debug|Any CPU
		{C83533DF-EAF8-4424-95BF-2114E6726DCD}.Release|Any CPU.ActiveCfg = Release|Any CPU
		{C83533DF-EAF8-4424-95BF-2114E6726DCD}.Release|Any CPU.Build.0 = Release|Any CPU
		{C83533DF-EAF8-4424-95BF-2114E6726DCD}.Release|iPhone.ActiveCfg = Release|Any CPU
		{C83533DF-EAF8-4424-95BF-2114E6726DCD}.Release|iPhone.Build.0 = Release|Any CPU
		{C83533DF-EAF8-4424-95BF-2114E6726DCD}.Release|iPhoneSimulator.ActiveCfg = Release|Any CPU
		{C83533DF-EAF8-4424-95BF-2114E6726DCD}.Release|iPhoneSimulator.Build.0 = Release|Any CPU
		{96ED4777-A105-46DA-9CF3-BFEAA8DFD53F}.Ad-Hoc|Any CPU.ActiveCfg = Debug|Any CPU
		{96ED4777-A105-46DA-9CF3-BFEAA8DFD53F}.Ad-Hoc|Any CPU.Build.0 = Debug|Any CPU
		{96ED4777-A105-46DA-9CF3-BFEAA8DFD53F}.Ad-Hoc|Any CPU.Deploy.0 = Debug|Any CPU
		{96ED4777-A105-46DA-9CF3-BFEAA8DFD53F}.Ad-Hoc|iPhone.ActiveCfg = Debug|Any CPU
		{96ED4777-A105-46DA-9CF3-BFEAA8DFD53F}.Ad-Hoc|iPhone.Build.0 = Debug|Any CPU
		{96ED4777-A105-46DA-9CF3-BFEAA8DFD53F}.Ad-Hoc|iPhone.Deploy.0 = Debug|Any CPU
		{96ED4777-A105-46DA-9CF3-BFEAA8DFD53F}.Ad-Hoc|iPhoneSimulator.ActiveCfg = Debug|Any CPU
		{96ED4777-A105-46DA-9CF3-BFEAA8DFD53F}.Ad-Hoc|iPhoneSimulator.Build.0 = Debug|Any CPU
		{96ED4777-A105-46DA-9CF3-BFEAA8DFD53F}.Ad-Hoc|iPhoneSimulator.Deploy.0 = Debug|Any CPU
		{96ED4777-A105-46DA-9CF3-BFEAA8DFD53F}.AppStore|Any CPU.ActiveCfg = Debug|Any CPU
		{96ED4777-A105-46DA-9CF3-BFEAA8DFD53F}.AppStore|Any CPU.Build.0 = Debug|Any CPU
		{96ED4777-A105-46DA-9CF3-BFEAA8DFD53F}.AppStore|Any CPU.Deploy.0 = Debug|Any CPU
		{96ED4777-A105-46DA-9CF3-BFEAA8DFD53F}.AppStore|iPhone.ActiveCfg = Debug|Any CPU
		{96ED4777-A105-46DA-9CF3-BFEAA8DFD53F}.AppStore|iPhone.Build.0 = Debug|Any CPU
		{96ED4777-A105-46DA-9CF3-BFEAA8DFD53F}.AppStore|iPhone.Deploy.0 = Debug|Any CPU
		{96ED4777-A105-46DA-9CF3-BFEAA8DFD53F}.AppStore|iPhoneSimulator.ActiveCfg = Debug|Any CPU
		{96ED4777-A105-46DA-9CF3-BFEAA8DFD53F}.AppStore|iPhoneSimulator.Build.0 = Debug|Any CPU
		{96ED4777-A105-46DA-9CF3-BFEAA8DFD53F}.AppStore|iPhoneSimulator.Deploy.0 = Debug|Any CPU
		{96ED4777-A105-46DA-9CF3-BFEAA8DFD53F}.Debug|Any CPU.ActiveCfg = Debug|Any CPU
		{96ED4777-A105-46DA-9CF3-BFEAA8DFD53F}.Debug|Any CPU.Build.0 = Debug|Any CPU
		{96ED4777-A105-46DA-9CF3-BFEAA8DFD53F}.Debug|Any CPU.Deploy.0 = Debug|Any CPU
		{96ED4777-A105-46DA-9CF3-BFEAA8DFD53F}.Debug|iPhone.ActiveCfg = Debug|Any CPU
		{96ED4777-A105-46DA-9CF3-BFEAA8DFD53F}.Debug|iPhone.Build.0 = Debug|Any CPU
		{96ED4777-A105-46DA-9CF3-BFEAA8DFD53F}.Debug|iPhone.Deploy.0 = Debug|Any CPU
		{96ED4777-A105-46DA-9CF3-BFEAA8DFD53F}.Debug|iPhoneSimulator.ActiveCfg = Debug|Any CPU
		{96ED4777-A105-46DA-9CF3-BFEAA8DFD53F}.Debug|iPhoneSimulator.Build.0 = Debug|Any CPU
		{96ED4777-A105-46DA-9CF3-BFEAA8DFD53F}.Debug|iPhoneSimulator.Deploy.0 = Debug|Any CPU
		{96ED4777-A105-46DA-9CF3-BFEAA8DFD53F}.Release|Any CPU.ActiveCfg = Release|Any CPU
		{96ED4777-A105-46DA-9CF3-BFEAA8DFD53F}.Release|Any CPU.Build.0 = Release|Any CPU
		{96ED4777-A105-46DA-9CF3-BFEAA8DFD53F}.Release|Any CPU.Deploy.0 = Release|Any CPU
		{96ED4777-A105-46DA-9CF3-BFEAA8DFD53F}.Release|iPhone.ActiveCfg = Release|Any CPU
		{96ED4777-A105-46DA-9CF3-BFEAA8DFD53F}.Release|iPhone.Build.0 = Release|Any CPU
		{96ED4777-A105-46DA-9CF3-BFEAA8DFD53F}.Release|iPhone.Deploy.0 = Release|Any CPU
		{96ED4777-A105-46DA-9CF3-BFEAA8DFD53F}.Release|iPhoneSimulator.ActiveCfg = Release|Any CPU
		{96ED4777-A105-46DA-9CF3-BFEAA8DFD53F}.Release|iPhoneSimulator.Build.0 = Release|Any CPU
		{96ED4777-A105-46DA-9CF3-BFEAA8DFD53F}.Release|iPhoneSimulator.Deploy.0 = Release|Any CPU
		{F2A732A5-6867-448B-97F4-6DAF4A3A390C}.Ad-Hoc|Any CPU.ActiveCfg = Ad-Hoc|iPhoneSimulator
		{F2A732A5-6867-448B-97F4-6DAF4A3A390C}.Ad-Hoc|iPhone.ActiveCfg = Ad-Hoc|iPhone
		{F2A732A5-6867-448B-97F4-6DAF4A3A390C}.Ad-Hoc|iPhone.Build.0 = Ad-Hoc|iPhone
		{F2A732A5-6867-448B-97F4-6DAF4A3A390C}.Ad-Hoc|iPhoneSimulator.ActiveCfg = Ad-Hoc|iPhoneSimulator
		{F2A732A5-6867-448B-97F4-6DAF4A3A390C}.Ad-Hoc|iPhoneSimulator.Build.0 = Ad-Hoc|iPhoneSimulator
		{F2A732A5-6867-448B-97F4-6DAF4A3A390C}.AppStore|Any CPU.ActiveCfg = AppStore|iPhoneSimulator
		{F2A732A5-6867-448B-97F4-6DAF4A3A390C}.AppStore|iPhone.ActiveCfg = AppStore|iPhone
		{F2A732A5-6867-448B-97F4-6DAF4A3A390C}.AppStore|iPhone.Build.0 = AppStore|iPhone
		{F2A732A5-6867-448B-97F4-6DAF4A3A390C}.AppStore|iPhoneSimulator.ActiveCfg = AppStore|iPhoneSimulator
		{F2A732A5-6867-448B-97F4-6DAF4A3A390C}.AppStore|iPhoneSimulator.Build.0 = AppStore|iPhoneSimulator
		{F2A732A5-6867-448B-97F4-6DAF4A3A390C}.Debug|Any CPU.ActiveCfg = Debug|iPhoneSimulator
		{F2A732A5-6867-448B-97F4-6DAF4A3A390C}.Debug|iPhone.ActiveCfg = Debug|iPhone
		{F2A732A5-6867-448B-97F4-6DAF4A3A390C}.Debug|iPhone.Build.0 = Debug|iPhone
		{F2A732A5-6867-448B-97F4-6DAF4A3A390C}.Debug|iPhoneSimulator.ActiveCfg = Debug|iPhoneSimulator
		{F2A732A5-6867-448B-97F4-6DAF4A3A390C}.Debug|iPhoneSimulator.Build.0 = Debug|iPhoneSimulator
		{F2A732A5-6867-448B-97F4-6DAF4A3A390C}.Release|Any CPU.ActiveCfg = Release|iPhoneSimulator
		{F2A732A5-6867-448B-97F4-6DAF4A3A390C}.Release|iPhone.ActiveCfg = Release|iPhone
		{F2A732A5-6867-448B-97F4-6DAF4A3A390C}.Release|iPhone.Build.0 = Release|iPhone
		{F2A732A5-6867-448B-97F4-6DAF4A3A390C}.Release|iPhoneSimulator.ActiveCfg = Release|iPhoneSimulator
		{F2A732A5-6867-448B-97F4-6DAF4A3A390C}.Release|iPhoneSimulator.Build.0 = Release|iPhoneSimulator
		{BB418818-123B-48E0-AB5F-A44089071266}.Ad-Hoc|Any CPU.ActiveCfg = Debug|Any CPU
		{BB418818-123B-48E0-AB5F-A44089071266}.Ad-Hoc|Any CPU.Build.0 = Debug|Any CPU
		{BB418818-123B-48E0-AB5F-A44089071266}.Ad-Hoc|Any CPU.Deploy.0 = Debug|Any CPU
		{BB418818-123B-48E0-AB5F-A44089071266}.Ad-Hoc|iPhone.ActiveCfg = Debug|Any CPU
		{BB418818-123B-48E0-AB5F-A44089071266}.Ad-Hoc|iPhone.Build.0 = Debug|Any CPU
		{BB418818-123B-48E0-AB5F-A44089071266}.Ad-Hoc|iPhone.Deploy.0 = Debug|Any CPU
		{BB418818-123B-48E0-AB5F-A44089071266}.Ad-Hoc|iPhoneSimulator.ActiveCfg = Debug|Any CPU
		{BB418818-123B-48E0-AB5F-A44089071266}.Ad-Hoc|iPhoneSimulator.Build.0 = Debug|Any CPU
		{BB418818-123B-48E0-AB5F-A44089071266}.Ad-Hoc|iPhoneSimulator.Deploy.0 = Debug|Any CPU
		{BB418818-123B-48E0-AB5F-A44089071266}.AppStore|Any CPU.ActiveCfg = Debug|Any CPU
		{BB418818-123B-48E0-AB5F-A44089071266}.AppStore|Any CPU.Build.0 = Debug|Any CPU
		{BB418818-123B-48E0-AB5F-A44089071266}.AppStore|Any CPU.Deploy.0 = Debug|Any CPU
		{BB418818-123B-48E0-AB5F-A44089071266}.AppStore|iPhone.ActiveCfg = Debug|Any CPU
		{BB418818-123B-48E0-AB5F-A44089071266}.AppStore|iPhone.Build.0 = Debug|Any CPU
		{BB418818-123B-48E0-AB5F-A44089071266}.AppStore|iPhone.Deploy.0 = Debug|Any CPU
		{BB418818-123B-48E0-AB5F-A44089071266}.AppStore|iPhoneSimulator.ActiveCfg = Debug|Any CPU
		{BB418818-123B-48E0-AB5F-A44089071266}.AppStore|iPhoneSimulator.Build.0 = Debug|Any CPU
		{BB418818-123B-48E0-AB5F-A44089071266}.AppStore|iPhoneSimulator.Deploy.0 = Debug|Any CPU
		{BB418818-123B-48E0-AB5F-A44089071266}.Debug|Any CPU.ActiveCfg = Debug|Any CPU
		{BB418818-123B-48E0-AB5F-A44089071266}.Debug|Any CPU.Build.0 = Debug|Any CPU
		{BB418818-123B-48E0-AB5F-A44089071266}.Debug|Any CPU.Deploy.0 = Debug|Any CPU
		{BB418818-123B-48E0-AB5F-A44089071266}.Debug|iPhone.ActiveCfg = Debug|Any CPU
		{BB418818-123B-48E0-AB5F-A44089071266}.Debug|iPhone.Build.0 = Debug|Any CPU
		{BB418818-123B-48E0-AB5F-A44089071266}.Debug|iPhone.Deploy.0 = Debug|Any CPU
		{BB418818-123B-48E0-AB5F-A44089071266}.Debug|iPhoneSimulator.ActiveCfg = Debug|Any CPU
		{BB418818-123B-48E0-AB5F-A44089071266}.Debug|iPhoneSimulator.Build.0 = Debug|Any CPU
		{BB418818-123B-48E0-AB5F-A44089071266}.Debug|iPhoneSimulator.Deploy.0 = Debug|Any CPU
		{BB418818-123B-48E0-AB5F-A44089071266}.Release|Any CPU.ActiveCfg = Release|Any CPU
		{BB418818-123B-48E0-AB5F-A44089071266}.Release|Any CPU.Build.0 = Release|Any CPU
		{BB418818-123B-48E0-AB5F-A44089071266}.Release|Any CPU.Deploy.0 = Release|Any CPU
		{BB418818-123B-48E0-AB5F-A44089071266}.Release|iPhone.ActiveCfg = Release|Any CPU
		{BB418818-123B-48E0-AB5F-A44089071266}.Release|iPhone.Build.0 = Release|Any CPU
		{BB418818-123B-48E0-AB5F-A44089071266}.Release|iPhone.Deploy.0 = Release|Any CPU
		{BB418818-123B-48E0-AB5F-A44089071266}.Release|iPhoneSimulator.ActiveCfg = Release|Any CPU
		{BB418818-123B-48E0-AB5F-A44089071266}.Release|iPhoneSimulator.Build.0 = Release|Any CPU
		{BB418818-123B-48E0-AB5F-A44089071266}.Release|iPhoneSimulator.Deploy.0 = Release|Any CPU
		{CE226BD8-0F52-4C90-8C2F-4C9A39FC3D5C}.Ad-Hoc|Any CPU.ActiveCfg = Debug|iPhoneSimulator
		{CE226BD8-0F52-4C90-8C2F-4C9A39FC3D5C}.Ad-Hoc|Any CPU.Build.0 = Debug|iPhoneSimulator
		{CE226BD8-0F52-4C90-8C2F-4C9A39FC3D5C}.Ad-Hoc|iPhone.ActiveCfg = Debug|iPhone
		{CE226BD8-0F52-4C90-8C2F-4C9A39FC3D5C}.Ad-Hoc|iPhone.Build.0 = Debug|iPhone
		{CE226BD8-0F52-4C90-8C2F-4C9A39FC3D5C}.Ad-Hoc|iPhoneSimulator.ActiveCfg = Debug|iPhoneSimulator
		{CE226BD8-0F52-4C90-8C2F-4C9A39FC3D5C}.Ad-Hoc|iPhoneSimulator.Build.0 = Debug|iPhoneSimulator
		{CE226BD8-0F52-4C90-8C2F-4C9A39FC3D5C}.AppStore|Any CPU.ActiveCfg = Debug|iPhoneSimulator
		{CE226BD8-0F52-4C90-8C2F-4C9A39FC3D5C}.AppStore|Any CPU.Build.0 = Debug|iPhoneSimulator
		{CE226BD8-0F52-4C90-8C2F-4C9A39FC3D5C}.AppStore|iPhone.ActiveCfg = Debug|iPhone
		{CE226BD8-0F52-4C90-8C2F-4C9A39FC3D5C}.AppStore|iPhone.Build.0 = Debug|iPhone
		{CE226BD8-0F52-4C90-8C2F-4C9A39FC3D5C}.AppStore|iPhoneSimulator.ActiveCfg = Debug|iPhoneSimulator
		{CE226BD8-0F52-4C90-8C2F-4C9A39FC3D5C}.AppStore|iPhoneSimulator.Build.0 = Debug|iPhoneSimulator
		{CE226BD8-0F52-4C90-8C2F-4C9A39FC3D5C}.Debug|Any CPU.ActiveCfg = Debug|iPhoneSimulator
		{CE226BD8-0F52-4C90-8C2F-4C9A39FC3D5C}.Debug|iPhone.ActiveCfg = Debug|iPhone
		{CE226BD8-0F52-4C90-8C2F-4C9A39FC3D5C}.Debug|iPhone.Build.0 = Debug|iPhone
		{CE226BD8-0F52-4C90-8C2F-4C9A39FC3D5C}.Debug|iPhoneSimulator.ActiveCfg = Debug|iPhoneSimulator
		{CE226BD8-0F52-4C90-8C2F-4C9A39FC3D5C}.Debug|iPhoneSimulator.Build.0 = Debug|iPhoneSimulator
		{CE226BD8-0F52-4C90-8C2F-4C9A39FC3D5C}.Release|Any CPU.ActiveCfg = Release|iPhoneSimulator
		{CE226BD8-0F52-4C90-8C2F-4C9A39FC3D5C}.Release|iPhone.ActiveCfg = Release|iPhone
		{CE226BD8-0F52-4C90-8C2F-4C9A39FC3D5C}.Release|iPhone.Build.0 = Release|iPhone
		{CE226BD8-0F52-4C90-8C2F-4C9A39FC3D5C}.Release|iPhoneSimulator.ActiveCfg = Release|iPhoneSimulator
		{CE226BD8-0F52-4C90-8C2F-4C9A39FC3D5C}.Release|iPhoneSimulator.Build.0 = Release|iPhoneSimulator
	EndGlobalSection
	GlobalSection(SolutionProperties) = preSolution
		HideSolutionNode = FALSE
	EndGlobalSection
	GlobalSection(ExtensibilityGlobals) = postSolution
		SolutionGuid = {A397A046-2D7D-48C9-B267-AE51FABED113}
	EndGlobalSection
EndGlobal
